
Microsoft Visual Studio Solution File, Format Version 12.00
# Visual Studio Version 17
VisualStudioVersion = 17.6.33815.320
MinimumVisualStudioVersion = 10.0.40219.1
Project("{FAE04EC0-301F-11D3-BF4B-00C04F79EFBC}") = "Cliente", "Cliente.csproj", "{F1750D5E-7686-42A1-849A-547A39C971E8}"
EndProject
Project("{FAE04EC0-301F-11D3-BF4B-00C04F79EFBC}") = "Servidor", "..\Servidor\Servidor.csproj", "{927C451F-5FAD-4D01-B22A-54731DC8FD64}"
EndProject
Project("{FAE04EC0-301F-11D3-BF4B-00C04F79EFBC}") = "Protocolo", "..\Protocolo\Protocolo.csproj", "{BDBE4CCA-6419-4F88-85E3-DC4ECF9B778D}"
EndProject
Global
	GlobalSection(SolutionConfigurationPlatforms) = preSolution
		Debug|Any CPU = Debug|Any CPU
		Release|Any CPU = Release|Any CPU
	EndGlobalSection
	GlobalSection(ProjectConfigurationPlatforms) = postSolution
		{F1750D5E-7686-42A1-849A-547A39C971E8}.Debug|Any CPU.ActiveCfg = Debug|Any CPU
		{F1750D5E-7686-42A1-849A-547A39C971E8}.Debug|Any CPU.Build.0 = Debug|Any CPU
		{F1750D5E-7686-42A1-849A-547A39C971E8}.Release|Any CPU.ActiveCfg = Release|Any CPU
		{F1750D5E-7686-42A1-849A-547A39C971E8}.Release|Any CPU.Build.0 = Release|Any CPU
		{927C451F-5FAD-4D01-B22A-54731DC8FD64}.Debug|Any CPU.ActiveCfg = Debug|Any CPU
		{927C451F-5FAD-4D01-B22A-54731DC8FD64}.Debug|Any CPU.Build.0 = Debug|Any CPU
		{927C451F-5FAD-4D01-B22A-54731DC8FD64}.Release|Any CPU.ActiveCfg = Release|Any CPU
		{927C451F-5FAD-4D01-B22A-54731DC8FD64}.Release|Any CPU.Build.0 = Release|Any CPU
		{BDBE4CCA-6419-4F88-85E3-DC4ECF9B778D}.Debug|Any CPU.ActiveCfg = Debug|Any CPU
		{BDBE4CCA-6419-4F88-85E3-DC4ECF9B778D}.Debug|Any CPU.Build.0 = Debug|Any CPU
		{BDBE4CCA-6419-4F88-85E3-DC4ECF9B778D}.Release|Any CPU.ActiveCfg = Release|Any CPU
		{BDBE4CCA-6419-4F88-85E3-DC4ECF9B778D}.Release|Any CPU.Build.0 = Release|Any CPU
	EndGlobalSection
	GlobalSection(SolutionProperties) = preSolution
		HideSolutionNode = FALSE
	EndGlobalSection
	GlobalSection(ExtensibilityGlobals) = postSolution
		SolutionGuid = {4B96F8F0-3A55-4C8A-84A2-E0717E8A2F54}
	EndGlobalSection
EndGlobal
